FORGE
  remote: https://forgeapi.puppetlabs.com
  specs:
    maestrodev/rvm (1.5.9)
      puppetlabs/stdlib (>= 3.2.0)
    maestrodev/wget (1.4.4)
    puppetlabs/apt (1.5.0)
      puppetlabs/stdlib (>= 2.2.1)
    puppetlabs/concat (1.1.0)
      puppetlabs/stdlib (>= 4.0.0)
    puppetlabs/firewall (1.1.2)
    puppetlabs/gcc (0.2.0)
    puppetlabs/java (1.1.1)
      puppetlabs/stdlib (>= 0.1.6)
    puppetlabs/mongodb (0.8.0)
      puppetlabs/apt (>= 1.0.0)
      puppetlabs/stdlib (>= 2.2.0)
    puppetlabs/nginx (99.99.99)
      puppetlabs/stdlib (>= 0.1.6)
    puppetlabs/ntp (3.1.1)
      puppetlabs/stdlib (>= 4.0.0)
    puppetlabs/postgresql (3.3.3)
      puppetlabs/apt (< 2.0.0, >= 1.1.0)
      puppetlabs/concat (< 2.0.0, >= 1.0.0)
      puppetlabs/firewall (>= 0.0.4)
      puppetlabs/stdlib (< 5.0.0, >= 3.2.0)
    puppetlabs/stdlib (4.2.2)
    saz/locales (2.1.0)
    saz/vim (2.1.0)
    stahnma/epel (0.1.0)

GIT
  remote: git@github.com:hoccer/puppet-backuppc-client.git
  ref: master
  sha: 4069d31f337a81b8ef429cf1e4fcf35280e9e2d0
  specs:
    hoccer/backuppc-client (0.0.1)

GIT
  remote: git@github.com:hoccer/puppet-deployment-user.git
  ref: master
  sha: 6278c95289ed7609e8edd0bba8309c13dace6a7b
  specs:
    hoccer/deployment-user (0.0.1)

GIT
  remote: git@github.com:hoccer/puppet-nrpe.git
  ref: master
  sha: daa1f9014bd258b7f9a1e98c82a416e949439010
  specs:
    hoccer/nrpe (0.0.1)

GIT
  remote: git@github.com:hoccer/puppet-talk-production.git
  ref: develop
  sha: 50cc66bcdd538ea25a841ee8b50d0976994dd255
  specs:
    hoccer/talk-production (0.0.1)
      artcom/riemann (>= 0)
      maestrodev/rvm (>= 0)
      puppetlabs/java (>= 0)
      puppetlabs/mongodb (>= 0)
      puppetlabs/nginx (>= 0)
      puppetlabs/ntp (>= 0)
      puppetlabs/postgresql (>= 0)
      saz/locales (>= 0)
      saz/vim (>= 0)

GIT
  remote: https://github.com/artcom/garethr-riemann.git
  ref: master
  sha: c9df7e0c6bc86670b8efeb8e57919aace82678a4
  specs:
    artcom/riemann (0.5.3)
      maestrodev/wget (>= 0)
      puppetlabs/gcc (>= 0)
      puppetlabs/java (>= 0)
      puppetlabs/stdlib (>= 0)
      stahnma/epel (>= 0)

DEPENDENCIES
  hoccer/backuppc-client (>= 0)
  hoccer/deployment-user (>= 0)
  hoccer/nrpe (>= 0)
  hoccer/talk-production (>= 0)
  puppetlabs/java (>= 0)
  puppetlabs/stdlib (>= 0)

